{
  "name": "roaring-aws",
  "version": "0.1.6",
  "lockfileVersion": 1,
  "requires": true,
  "dependencies": {
    "nan": {
      "version": "2.10.0",
      "resolved": "https://registry.npmjs.org/nan/-/nan-2.10.0.tgz",
      "integrity": "sha512-bAdJv7fBLhWC+/Bls0Oza+mvTaNQtP+1RyhhhvD95pgUJz6XM5IzgmxOkItJ9tkoCiplvAnXI1tNmmUD/eScyA=="
    },
    "roaring": {
      "version": "0.1.6",
      "resolved": "https://registry.npmjs.org/roaring/-/roaring-0.1.6.tgz",
      "integrity": "sha512-5UjgySiJwG65DUXdBN4IZs6WgTWKTt9ekcX6FUwbxRr21whEwK6mxLz5XLCgarlHxIRntKvGkjmj48bG8YJzyw==",
      "requires": {
        "nan": "2.10.0"
      }
    }
  }
}
